hash: a7c4e934adb6181d54160075689efb3f8d85f7ceaf82631b0ee8a5994198adcc
updated: 2018-03-18T17:43:52.472873642+08:00
imports:
- name: github.com/jinzhu/gorm
  version: 6ed508ec6a4ecb3531899a69cbc746ccf65a4166
  subpackages:
  - dialects/sqlite
- name: github.com/jinzhu/inflection
  version: 04140366298a54a039076d798123ffa108fff46c
- name: github.com/labstack/echo
  version: a5d81b8d4a627f3f49dcb3164ef2bb5239682227
  subpackages:
  - '...'
- name: github.com/labstack/gommon
  version: 3bc2d333a4c30531c47051369043bcabd62ff4c0
  subpackages:
  - color
  - log
- name: github.com/mattn/go-colorable
  version: efa589957cd060542a26d2dd7832fd6a6c6c3ade
- name: github.com/mattn/go-isatty
  version: 6ca4dbf54d38eea1a992b3c722a76a5d1c4cb25c
- name: github.com/mattn/go-sqlite3
  version: 9101028e5ca824d2baf0fbd91b9700e2669a6cd9
- name: github.com/rs/xid
  version: 02dd45c33376f85d1064355dc790dcc4850596b1
- name: github.com/valyala/bytebufferpool
  version: e746df99fe4a3986f4d4f79e13c1e0117ce9c2f7
- name: github.com/valyala/fasttemplate
  version: dcecefd839c4193db0d35b88ec65b4c12d360ab0
- name: golang.org/x/crypto
  version: 374053ea96cb300f8671b8d3b07edeeb06e203b4
  subpackages:
  - acme
  - acme/autocert
- name: golang.org/x/sys
  version: 2f1e207ee39ff70f3433e49c6eb52677a515e3b5
  subpackages:
  - unix
testImports: []
